
Microsoft Visual Studio Solution File, Format Version 12.00
# Visual Studio Version 17
VisualStudioVersion = 17.11.35222.181
MinimumVisualStudioVersion = 10.0.40219.1
Project("{9A19103F-16F7-4668-BE54-9A1E7A4F7556}") = "Backend", "Backend\Backend.csproj", "{31D4EEFD-6325-4E8D-8EF4-74A5F076090B}"
EndProject
Project("{FAE04EC0-301F-11D3-BF4B-00C04F79EFBC}") = "BackendTest", "BackendTest\BackendTest.csproj", "{C8CC76DD-F971-471D-B50B-3BF0B2BC6452}"
EndProject
Global
	GlobalSection(SolutionConfigurationPlatforms) = preSolution
		Debug|Any CPU = Debug|Any CPU
		Release|Any CPU = Release|Any CPU
	EndGlobalSection
	GlobalSection(ProjectConfigurationPlatforms) = postSolution
		{31D4EEFD-6325-4E8D-8EF4-74A5F076090B}.Debug|Any CPU.ActiveCfg = Debug|Any CPU
		{31D4EEFD-6325-4E8D-8EF4-74A5F076090B}.Debug|Any CPU.Build.0 = Debug|Any CPU
		{31D4EEFD-6325-4E8D-8EF4-74A5F076090B}.Release|Any CPU.ActiveCfg = Release|Any CPU
		{31D4EEFD-6325-4E8D-8EF4-74A5F076090B}.Release|Any CPU.Build.0 = Release|Any CPU
		{C8CC76DD-F971-471D-B50B-3BF0B2BC6452}.Debug|Any CPU.ActiveCfg = Debug|Any CPU
		{C8CC76DD-F971-471D-B50B-3BF0B2BC6452}.Debug|Any CPU.Build.0 = Debug|Any CPU
		{C8CC76DD-F971-471D-B50B-3BF0B2BC6452}.Release|Any CPU.ActiveCfg = Release|Any CPU
		{C8CC76DD-F971-471D-B50B-3BF0B2BC6452}.Release|Any CPU.Build.0 = Release|Any CPU
	EndGlobalSection
	GlobalSection(SolutionProperties) = preSolution
		HideSolutionNode = FALSE
	EndGlobalSection
	GlobalSection(ExtensibilityGlobals) = postSolution
		SolutionGuid = {2F6BD1FB-5FDC-4859-8CCD-561FAF5B9A17}
	EndGlobalSection
EndGlobal
